{
    "hash": "bf010269050fd2a92d0aff8facf68bbd",
    "packages": [
        {
            "name": "doctrine/common",
            "version": "2.2.3",
            "source": {
                "type": "git",
                "url": "https://github.com/doctrine/common",
                "reference": "2.2.3"
            },
            "dist": {
                "type": "zip",
                "url": "https://github.com/doctrine/common/zipball/2.2.3",
                "reference": "2.2.3",
                "shasum": ""
            },
            "require": {
                "php": ">=5.3.2"
            },
            "time": "2012-08-29 01:04:14",
            "type": "library",
            "installation-source": "dist",
            "autoload": {
                "psr-0": {
                    "Doctrine\\Common": "lib/"
                }
            },
            "license": [
                "LGPL"
            ],
            "authors": [
                {
                    "name": "Jonathan Wage",
                    "email": "jonwage@gmail.com",
                    "homepage": "http://www.jwage.com/"
                },
                {
                    "name": "Guilherme Blanco",
                    "email": "guilhermeblanco@gmail.com",
                    "homepage": "http://www.instaclick.com"
                },
                {
                    "name": "Roman Borschel",
                    "email": "roman@code-factory.org"
                },
                {
                    "name": "Benjamin Eberlei",
                    "email": "kontakt@beberlei.de"
                },
                {
                    "name": "Johannes M. Schmitt",
                    "email": "schmittjoh@gmail.com",
                    "homepage": "http://jmsyst.com",
                    "role": "Developer of wrapped JMSSerializerBundle"
                }
            ],
            "description": "Common Library for Doctrine projects",
            "homepage": "http://www.doctrine-project.org",
            "keywords": [
                "collections",
                "spl",
                "eventmanager",
                "annotations",
                "persistence"
            ]
        },
        {
            "name": "doctrine/dbal",
            "version": "2.2.2",
            "source": {
                "type": "git",
                "url": "https://github.com/doctrine/dbal",
                "reference": "2.2.2"
            },
            "dist": {
                "type": "zip",
                "url": "https://github.com/doctrine/dbal/zipball/2.2.2",
                "reference": "2.2.2",
                "shasum": ""
            },
            "require": {
                "php": ">=5.3.2",
                "doctrine/common": ">=2.2.0,<=2.2.99"
            },
            "time": "2012-04-13 00:56:12",
            "type": "library",
            "installation-source": "dist",
            "autoload": {
                "psr-0": {
                    "Doctrine\\DBAL": "lib/"
                }
            },
            "license": [
                "LGPL"
            ],
            "authors": [
                {
                    "name": "Jonathan Wage",
                    "email": "jonwage@gmail.com",
                    "homepage": "http://www.jwage.com/"
                },
                {
                    "name": "Guilherme Blanco",
                    "email": "guilhermeblanco@gmail.com",
                    "homepage": "http://www.instaclick.com"
                },
                {
                    "name": "Roman Borschel",
                    "email": "roman@code-factory.org"
                },
                {
                    "name": "Benjamin Eberlei",
                    "email": "kontakt@beberlei.de"
                }
            ],
            "description": "Database Abstraction Layer",
            "homepage": "http://www.doctrine-project.org",
            "keywords": [
                "database",
                "persistence",
                "dbal",
                "queryobject"
            ]
        },
        {
            "name": "doctrine/migrations",
            "version": "dev-master",
            "source": {
                "type": "git",
                "url": "https://github.com/doctrine/migrations",
                "reference": "c1d875ce7d092dd1bc7508c3867b5c6b97431e43"
            },
            "dist": {
                "type": "zip",
                "url": "https://github.com/doctrine/migrations/zipball/c1d875ce7d092dd1bc7508c3867b5c6b97431e43",
                "reference": "c1d875ce7d092dd1bc7508c3867b5c6b97431e43",
                "shasum": ""
            },
            "require": {
                "php": ">=5.3.2",
                "doctrine/dbal": ">=2.0,<2.5.x-dev"
            },
            "require-dev": {
                "symfony/console": "2.*",
                "symfony/yaml": "2.*"
            },
            "suggest": {
                "symfony/console": "to run the migration from the console"
            },
            "time": "1350643044",
            "type": "library",
            "installation-source": "source",
            "autoload": {
                "psr-0": {
                    "Doctrine\\DBAL\\Migrations": "lib"
                }
            },
            "license": [
                "LGPL"
            ],
            "authors": [
                {
                    "name": "Jonathan Wage",
                    "email": "jonwage@gmail.com",
                    "homepage": "http://www.jwage.com/"
                },
                {
                    "name": "Benjamin Eberlei",
                    "email": "kontakt@beberlei.de"
                }
            ],
            "description": "Database Schema migrations using Doctrine DBAL",
            "homepage": "http://www.doctrine-project.org",
            "keywords": [
                "database",
                "migrations"
            ]
        },
        {
            "name": "doctrine/orm",
            "version": "2.2.2",
            "source": {
                "type": "git",
                "url": "git://github.com/doctrine/doctrine2.git",
                "reference": "2.2.2"
            },
            "dist": {
                "type": "zip",
                "url": "https://github.com/doctrine/doctrine2/zipball/2.2.2",
                "reference": "2.2.2",
                "shasum": ""
            },
            "require": {
                "php": ">=5.3.2",
                "ext-pdo": "*",
                "doctrine/common": ">=2.2.0,<2.2.99",
                "doctrine/dbal": ">=2.2.1,<2.2.99"
            },
            "time": "2012-04-13 01:02:34",
            "type": "library",
            "installation-source": "dist",
            "autoload": {
                "psr-0": {
                    "Doctrine\\ORM": "lib/"
                }
            },
            "license": [
                "LGPL"
            ],
            "authors": [
                {
                    "name": "Jonathan Wage",
                    "email": "jonwage@gmail.com",
                    "homepage": "http://www.jwage.com/"
                },
                {
                    "name": "Guilherme Blanco",
                    "email": "guilhermeblanco@gmail.com",
                    "homepage": "http://www.instaclick.com"
                },
                {
                    "name": "Roman Borschel",
                    "email": "roman@code-factory.org"
                },
                {
                    "name": "Benjamin Eberlei",
                    "email": "kontakt@beberlei.de"
                }
            ],
            "description": "Object-Relational-Mapper for PHP",
            "homepage": "http://www.doctrine-project.org",
            "keywords": [
                "database",
                "orm"
            ]
        },
        {
            "name": "famelo/demo-admin",
            "version": "dev-master",
            "source": {
                "type": "git",
                "url": "https://github.com/mneuhaus/Famelo.Demo.Admin",
                "reference": "062a7c640b0861a18792038217158ad0abe05de1"
            },
            "dist": {
                "type": "zip",
                "url": "https://github.com/mneuhaus/Famelo.Demo.Admin/zipball/062a7c640b0861a18792038217158ad0abe05de1",
                "reference": "062a7c640b0861a18792038217158ad0abe05de1",
                "shasum": ""
            },
            "require": {
                "typo3/flow": "*"
            },
            "time": "1350551030",
            "type": "typo3-flow-package",
            "installation-source": "source",
            "autoload": {
                "psr-0": {
                    "Famelo\\Demo\\Admin": "Classes"
                }
            }
        },
        {
            "name": "famelo/scaff",
            "version": "dev-master",
            "source": {
                "type": "git",
                "url": "https://github.com/mneuhaus/Famelo.Scaff",
                "reference": "0decbf4207f212a1f8237fe55651625bd6c9a14a"
            },
            "dist": {
                "type": "zip",
                "url": "https://github.com/mneuhaus/Famelo.Scaff/zipball/0decbf4207f212a1f8237fe55651625bd6c9a14a",
                "reference": "0decbf4207f212a1f8237fe55651625bd6c9a14a",
                "shasum": ""
            },
            "require": {
                "typo3/flow": "*"
            },
            "time": "1350517526",
            "type": "typo3-flow-package",
            "installation-source": "source",
            "autoload": {
                "psr-0": {
                    "Famelo\\Scaff": "Classes"
                }
            }
        },
        {
            "name": "kriswallsmith/assetic",
            "version": "dev-master",
            "source": {
                "type": "git",
                "url": "http://github.com/kriswallsmith/assetic.git",
                "reference": "a1b6fa1f7bb27c203b6c3cf7d0dd0184f8dffcdc"
            },
            "dist": {
                "type": "zip",
                "url": "https://github.com/kriswallsmith/assetic/zipball/a1b6fa1f7bb27c203b6c3cf7d0dd0184f8dffcdc",
                "reference": "a1b6fa1f7bb27c203b6c3cf7d0dd0184f8dffcdc",
                "shasum": ""
            },
            "require": {
                "symfony/process": ">=2.1.0,<2.3-dev",
                "php": ">=5.3.1"
            },
            "require-dev": {
                "twig/twig": ">=1.6.0,<2.0",
                "leafo/lessphp": "*",
                "leafo/scssphp": "*",
                "ptachoire/cssembed": "*",
                "leafo/scssphp-compass": "*"
            },
            "suggest": {
                "twig/twig": "Assetic provides the integration with the Twig templating engine",
                "leafo/lessphp": "Assetic provides the integration with the lessphp LESS compiler",
                "leafo/scssphp": "Assetic provides the integration with the scssphp SCSS compiler",
                "ptachoire/cssembed": "Assetic provides the integration with phpcssembed to embed data uris",
                "leafo/scssphp-compass": "Assetic provides the integration with the SCSS compass plugin"
            },
            "time": "1351079542",
            "type": "library",
            "extra": {
                "branch-alias": {
                    "dev-master": "1.1-dev"
                }
            },
            "installation-source": "source",
            "autoload": {
                "psr-0": {
                    "Assetic": "src/"
                },
                "files": [
                    "src/functions.php"
                ]
            },
            "license": [
                "MIT"
            ],
            "authors": [
                {
                    "name": "Kris Wallsmith",
                    "email": "kris.wallsmith@gmail.com",
                    "homepage": "http://kriswallsmith.net/"
                }
            ],
            "description": "Asset Management for PHP",
            "homepage": "https://github.com/kriswallsmith/assetic",
            "keywords": [
                "assets",
                "compression",
                "minification"
            ]
        },
        {
            "name": "leafo/lessphp",
            "version": "dev-master",
            "source": {
                "type": "git",
                "url": "http://github.com/leafo/lessphp",
                "reference": "4ce20058d651a73702bb9be5d299d0e2eb0687f0"
            },
            "dist": {
                "type": "zip",
                "url": "https://github.com/leafo/lessphp/zipball/4ce20058d651a73702bb9be5d299d0e2eb0687f0",
                "reference": "4ce20058d651a73702bb9be5d299d0e2eb0687f0",
                "shasum": ""
            },
            "time": "1348713472",
            "type": "library",
            "installation-source": "source",
            "autoload": {
                "classmap": [
                    "lessc.inc.php"
                ]
            },
            "license": [
                "MIT",
                "GPL-3.0"
            ],
            "authors": [
                {
                    "name": "Leaf Corcoran",
                    "email": "leafot@gmail.com",
                    "homepage": "http://leafo.net"
                }
            ],
            "description": "lessphp is a compiler for LESS written in PHP.",
            "homepage": "http://leafo.net/lessphp/"
        },
        {
            "name": "symfony/dom-crawler",
            "version": "dev-master",
            "target-dir": "Symfony/Component/DomCrawler",
            "source": {
                "type": "git",
                "url": "https://github.com/symfony/DomCrawler",
                "reference": "9e655ad78168f441b1a8ca065c6f68912ea59bb2"
            },
            "dist": {
                "type": "zip",
                "url": "https://github.com/symfony/DomCrawler/zipball/9e655ad78168f441b1a8ca065c6f68912ea59bb2",
                "reference": "9e655ad78168f441b1a8ca065c6f68912ea59bb2",
                "shasum": ""
            },
            "require": {
                "php": ">=5.3.3"
            },
            "require-dev": {
                "symfony/css-selector": "2.2.*"
            },
            "suggest": {
                "symfony/css-selector": "2.2.*"
            },
            "time": "1350594979",
            "type": "library",
            "extra": {
                "branch-alias": {
                    "dev-master": "2.2-dev"
                }
            },
            "installation-source": "source",
            "autoload": {
                "psr-0": {
                    "Symfony\\Component\\DomCrawler\\": ""
                }
            },
            "license": [
                "MIT"
            ],
            "authors": [
                {
                    "name": "Fabien Potencier",
                    "email": "fabien@symfony.com"
                },
                {
                    "name": "Symfony Community",
                    "homepage": "http://symfony.com/contributors"
                }
            ],
            "description": "Symfony DomCrawler Component",
            "homepage": "http://symfony.com"
        },
        {
            "name": "symfony/process",
            "version": "dev-master",
            "target-dir": "Symfony/Component/Process",
            "source": {
                "type": "git",
                "url": "https://github.com/symfony/Process",
                "reference": "5e92828cdf76b650812c932cc43cae7500d8faea"
            },
            "dist": {
                "type": "zip",
                "url": "https://github.com/symfony/Process/zipball/5e92828cdf76b650812c932cc43cae7500d8faea",
                "reference": "5e92828cdf76b650812c932cc43cae7500d8faea",
                "shasum": ""
            },
            "require": {
                "php": ">=5.3.3"
            },
            "time": "1351093287",
            "type": "library",
            "extra": {
                "branch-alias": {
                    "dev-master": "2.2-dev"
                }
            },
            "installation-source": "source",
            "autoload": {
                "psr-0": {
                    "Symfony\\Component\\Process\\": ""
                }
            },
            "license": [
                "MIT"
            ],
            "authors": [
                {
                    "name": "Fabien Potencier",
                    "email": "fabien@symfony.com"
                },
                {
                    "name": "Symfony Community",
                    "homepage": "http://symfony.com/contributors"
                }
            ],
            "description": "Symfony Process Component",
            "homepage": "http://symfony.com"
        },
        {
            "name": "symfony/yaml",
            "version": "dev-master",
            "target-dir": "Symfony/Component/Yaml",
            "source": {
                "type": "git",
                "url": "https://github.com/symfony/Yaml",
                "reference": "76256c6d9f7f113eb31077883657191510ff0532"
            },
            "dist": {
                "type": "zip",
                "url": "https://github.com/symfony/Yaml/zipball/76256c6d9f7f113eb31077883657191510ff0532",
                "reference": "76256c6d9f7f113eb31077883657191510ff0532",
                "shasum": ""
            },
            "require": {
                "php": ">=5.3.3"
            },
            "time": "1351093287",
            "type": "library",
            "extra": {
                "branch-alias": {
                    "dev-master": "2.2-dev"
                }
            },
            "installation-source": "source",
            "autoload": {
                "psr-0": {
                    "Symfony\\Component\\Yaml\\": ""
                }
            },
            "license": [
                "MIT"
            ],
            "authors": [
                {
                    "name": "Fabien Potencier",
                    "email": "fabien@symfony.com"
                },
                {
                    "name": "Symfony Community",
                    "homepage": "http://symfony.com/contributors"
                }
            ],
            "description": "Symfony Yaml Component",
            "homepage": "http://symfony.com"
        },
        {
            "name": "typo3/eel",
            "version": "dev-master",
            "source": {
                "type": "git",
                "url": "git://git.typo3.org/FLOW3/Packages/TYPO3.Eel.git",
                "reference": "3c92516a303bea9a368c31dbd566481a1f364ab5"
            },
            "require": {
                "typo3/flow": "*"
            },
            "time": "1350462923",
            "type": "typo3-flow-package",
            "installation-source": "source",
            "autoload": {
                "psr-0": {
                    "TYPO3\\Eel": "Classes"
                }
            }
        },
        {
            "name": "typo3/expose",
            "version": "dev-master",
            "source": {
                "type": "git",
                "url": "git://git.typo3.org/FLOW3/Packages/TYPO3.Expose.git",
                "reference": "870b5419d0cd50a9235c6af250a178bcf068493c"
            },
            "require": {
                "typo3/flow-composer-installers": "*",
                "typo3/flow": "*",
                "typo3/form": "*",
                "typo3/typoscript": "*"
            },
            "time": "1350549203",
            "type": "typo3-flow-package",
            "installation-source": "source",
            "autoload": {
                "psr-0": {
                    "TYPO3\\Expose": "Classes"
                }
            },
            "license": [
                "LGPL-3.0+"
            ],
            "description": "Package to expose models"
        },
        {
            "name": "typo3/flow",
            "version": "dev-master",
            "source": {
                "type": "git",
                "url": "git://git.typo3.org/FLOW3/Packages/TYPO3.FLOW3.git",
                "reference": "99f42a0ba5abc882decbe12c0b6804beb211e92c"
            },
            "require": {
                "php": ">=5.3.2",
                "ext-zlib": "*",
                "ext-spl": "*",
                "ext-json": ">=1.2.0",
                "ext-session": "*",
                "typo3/fluid": "*",
                "typo3/party": "*",
                "doctrine/orm": "2.2.2",
                "doctrine/migrations": "*",
                "symfony/yaml": ">2.1.0",
                "symfony/dom-crawler": ">2.0.16",
                "typo3/flow-composer-installers": "*"
            },
            "time": "1350856006",
            "type": "typo3-flow-framework",
            "installation-source": "source",
            "autoload": {
                "psr-0": {
                    "TYPO3\\Flow": "Classes"
                }
            },
            "license": [
                "LGPL-3.0+"
            ],
            "authors": [
                {
                    "name": "TYPO3 Flow Development Team",
                    "homepage": "http://typo3.org/teams/core-development-team/"
                }
            ],
            "description": "TYPO3 Flow Application Framework",
            "homepage": "http://flow.typo3.org",
            "keywords": [
                "framework"
            ]
        },
        {
            "name": "typo3/flow-composer-installers",
            "version": "dev-master",
            "source": {
                "type": "git",
                "url": "git://github.com/christianjul/installers.git",
                "reference": "53318d52eeda45dee97be288b8f744be00662f37"
            },
            "replace": {
                "shama/baton": "*"
            },
            "require-dev": {
                "composer/composer": "1.0.*"
            },
            "time": "1350315157",
            "type": "composer-installer",
            "extra": {
                "class": "Composer\\Installers\\Installer"
            },
            "installation-source": "source",
            "autoload": {
                "psr-0": {
                    "Composer\\Installers\\": "src/"
                }
            },
            "license": [
                "MIT"
            ],
            "authors": [
                {
                    "name": "Kyle Robinson Young",
                    "email": "kyle@dontkry.com",
                    "homepage": "https://github.com/shama"
                }
            ],
            "description": "A multi-framework Composer library installer",
            "homepage": "http://composer.github.com/installers/",
            "keywords": [
                "installer",
                "cakephp",
                "laravel",
                "kohana",
                "li3",
                "lithium",
                "fuelphp",
                "codeigniter",
                "symfony",
                "phpbb",
                "ppi",
                "joomla",
                "wordpress",
                "drupal",
                "zend",
                "silverstripe",
                "TYPO3 Flow"
            ]
        },
        {
            "name": "typo3/fluid",
            "version": "dev-master",
            "source": {
                "type": "git",
                "url": "git://git.typo3.org/FLOW3/Packages/TYPO3.Fluid.git",
                "reference": "913272d4260fd75610a195192969a926af48e94d"
            },
            "require": {
                "typo3/flow-composer-installers": "*",
                "typo3/flow": "*"
            },
            "time": "1349283709",
            "type": "typo3-flow-framework",
            "installation-source": "source",
            "autoload": {
                "psr-0": {
                    "TYPO3\\Fluid": "Classes"
                }
            },
            "license": [
                "LGPL-3.0+"
            ],
            "description": "Next-Generation Templating Framework for TYPO3 Flow and TYPO3 5.0, also backported to TYPO3 4.x"
        },
        {
            "name": "typo3/form",
            "version": "dev-master",
            "source": {
                "type": "git",
                "url": "git://git.typo3.org/FLOW3/Packages/TYPO3.Form.git",
                "reference": "1aec7b4f29efd3d2f4d999d11788d94d621277fb"
            },
            "require": {
                "typo3/flow": "*"
            },
            "time": "1350810784",
            "type": "typo3-flow-package",
            "installation-source": "source",
            "autoload": {
                "psr-0": {
                    "TYPO3\\Form": "Classes"
                }
            },
            "description": "Extensible and flexible API for building web forms"
        },
        {
            "name": "typo3/kickstart",
            "version": "dev-master",
            "source": {
                "type": "git",
                "url": "git://git.typo3.org/FLOW3/Packages/TYPO3.Kickstart.git",
                "reference": "4280efb254988ba03c6c1d2013377fd026cd1e29"
            },
            "require": {
                "typo3/flow": "*"
            },
            "time": "1349281880",
            "type": "typo3-flow-framework",
            "installation-source": "source",
            "autoload": {
                "psr-0": {
                    "TYPO3\\Kickstart": "Classes"
                }
            },
            "license": [
                "LGPL-3.0+"
            ],
            "description": "A simple generator for controller and views."
        },
        {
            "name": "typo3/party",
            "version": "dev-master",
            "source": {
                "type": "git",
                "url": "git://git.typo3.org/FLOW3/Packages/TYPO3.Party.git",
                "reference": "930a1d41535f8fbe771e215d04eba5f71ccdb5bc"
            },
            "require": {
                "typo3/flow-composer-installers": "*",
                "typo3/flow": "*"
            },
            "time": "1349341725",
            "type": "typo3-flow-framework",
            "installation-source": "source",
            "autoload": {
                "psr-0": {
                    "TYPO3\\Party": "Classes"
                }
            },
            "license": [
                "LGPL-3.0+"
            ],
            "description": "A PHP implementation of the OASIS Customer Information Quality (CIQ) XML Standard."
        },
        {
            "name": "typo3/typoscript",
            "version": "dev-master",
            "source": {
                "type": "git",
                "url": "git://git.typo3.org/FLOW3/Packages/TYPO3.TypoScript.git",
                "reference": "8fd5640bb12199c86f03df7f5962eefad71d8f98"
            },
            "require": {
                "typo3/flow": "*",
                "typo3/eel": "*"
            },
            "time": "1350462960",
            "type": "typo3-flow-package",
            "installation-source": "source",
            "autoload": {
                "psr-0": {
                    "TYPO3\\TypoScript": "Classes"
                }
            }
        }
    ],
    "packages-dev": null,
    "aliases": [

    ],
    "minimum-stability": "dev",
    "stability-flags": {
        "typo3/flow": 20,
        "typo3/expose": 20,
        "typo3/kickstart": 20,
        "famelo/demo-admin": 20,
        "famelo/scaff": 20,
        "typo3/buildessentials": 20,
        "debug/toolbar": 20,
        "typo3/surf": 20,
        "famelo/surf-sharedhosting": 20,
        "sandstorm/plumber": 20
    }
}
